
Microsoft Visual Studio Solution File, Format Version 12.00
# Visual Studio Version 17
VisualStudioVersion = 17.7.34031.279
MinimumVisualStudioVersion = 10.0.40219.1
Project("{FAE04EC0-301F-11D3-BF4B-00C04F79EFBC}") = "Ex09", "Ex09\Ex09.csproj", "{BE0119D2-D3FF-4EDA-890D-C2797F4822D7}"
EndProject
Global
	GlobalSection(SolutionConfigurationPlatforms) = preSolution
		Debug|Any CPU = Debug|Any CPU
		Release|Any CPU = Release|Any CPU
	EndGlobalSection
	GlobalSection(ProjectConfigurationPlatforms) = postSolution
		{BE0119D2-D3FF-4EDA-890D-C2797F4822D7}.Debug|Any CPU.ActiveCfg = Debug|Any CPU
		{BE0119D2-D3FF-4EDA-890D-C2797F4822D7}.Debug|Any CPU.Build.0 = Debug|Any CPU
		{BE0119D2-D3FF-4EDA-890D-C2797F4822D7}.Release|Any CPU.ActiveCfg = Release|Any CPU
		{BE0119D2-D3FF-4EDA-890D-C2797F4822D7}.Release|Any CPU.Build.0 = Release|Any CPU
	EndGlobalSection
	GlobalSection(SolutionProperties) = preSolution
		HideSolutionNode = FALSE
	EndGlobalSection
	GlobalSection(ExtensibilityGlobals) = postSolution
		SolutionGuid = {52059D3C-23CA-4BAA-A1B8-40EED5FD8366}
	EndGlobalSection
EndGlobal
