
Microsoft Visual Studio Solution File, Format Version 12.00
# Visual Studio Version 17
VisualStudioVersion = 17.7.34031.279
MinimumVisualStudioVersion = 10.0.40219.1
Project("{FAE04EC0-301F-11D3-BF4B-00C04F79EFBC}") = "Ex05", "Ex05\Ex05.csproj", "{21A8B1B4-EDEA-465C-9982-7D747FA30AAE}"
EndProject
Global
	GlobalSection(SolutionConfigurationPlatforms) = preSolution
		Debug|Any CPU = Debug|Any CPU
		Release|Any CPU = Release|Any CPU
	EndGlobalSection
	GlobalSection(ProjectConfigurationPlatforms) = postSolution
		{21A8B1B4-EDEA-465C-9982-7D747FA30AAE}.Debug|Any CPU.ActiveCfg = Debug|Any CPU
		{21A8B1B4-EDEA-465C-9982-7D747FA30AAE}.Debug|Any CPU.Build.0 = Debug|Any CPU
		{21A8B1B4-EDEA-465C-9982-7D747FA30AAE}.Release|Any CPU.ActiveCfg = Release|Any CPU
		{21A8B1B4-EDEA-465C-9982-7D747FA30AAE}.Release|Any CPU.Build.0 = Release|Any CPU
	EndGlobalSection
	GlobalSection(SolutionProperties) = preSolution
		HideSolutionNode = FALSE
	EndGlobalSection
	GlobalSection(ExtensibilityGlobals) = postSolution
		SolutionGuid = {E816154D-62B0-4B8B-A65C-5B943AAE62F7}
	EndGlobalSection
EndGlobal
