
Microsoft Visual Studio Solution File, Format Version 12.00
# Visual Studio Version 17
VisualStudioVersion = 17.7.34031.279
MinimumVisualStudioVersion = 10.0.40219.1
Project("{FAE04EC0-301F-11D3-BF4B-00C04F79EFBC}") = "Ex06", "Ex06\Ex06.csproj", "{5745CA06-A24C-4D9A-9E61-7621344E6872}"
EndProject
Global
	GlobalSection(SolutionConfigurationPlatforms) = preSolution
		Debug|Any CPU = Debug|Any CPU
		Release|Any CPU = Release|Any CPU
	EndGlobalSection
	GlobalSection(ProjectConfigurationPlatforms) = postSolution
		{5745CA06-A24C-4D9A-9E61-7621344E6872}.Debug|Any CPU.ActiveCfg = Debug|Any CPU
		{5745CA06-A24C-4D9A-9E61-7621344E6872}.Debug|Any CPU.Build.0 = Debug|Any CPU
		{5745CA06-A24C-4D9A-9E61-7621344E6872}.Release|Any CPU.ActiveCfg = Release|Any CPU
		{5745CA06-A24C-4D9A-9E61-7621344E6872}.Release|Any CPU.Build.0 = Release|Any CPU
	EndGlobalSection
	GlobalSection(SolutionProperties) = preSolution
		HideSolutionNode = FALSE
	EndGlobalSection
	GlobalSection(ExtensibilityGlobals) = postSolution
		SolutionGuid = {2EC7D587-D4AB-4B25-9964-F7C518ED2C66}
	EndGlobalSection
EndGlobal
