
Microsoft Visual Studio Solution File, Format Version 12.00
# Visual Studio Version 17
VisualStudioVersion = 17.7.34031.279
MinimumVisualStudioVersion = 10.0.40219.1
Project("{FAE04EC0-301F-11D3-BF4B-00C04F79EFBC}") = "Ex13", "Ex13\Ex13.csproj", "{2B50AE3D-DBE4-4208-BEF7-F389FAEB6C36}"
EndProject
Global
	GlobalSection(SolutionConfigurationPlatforms) = preSolution
		Debug|Any CPU = Debug|Any CPU
		Release|Any CPU = Release|Any CPU
	EndGlobalSection
	GlobalSection(ProjectConfigurationPlatforms) = postSolution
		{2B50AE3D-DBE4-4208-BEF7-F389FAEB6C36}.Debug|Any CPU.ActiveCfg = Debug|Any CPU
		{2B50AE3D-DBE4-4208-BEF7-F389FAEB6C36}.Debug|Any CPU.Build.0 = Debug|Any CPU
		{2B50AE3D-DBE4-4208-BEF7-F389FAEB6C36}.Release|Any CPU.ActiveCfg = Release|Any CPU
		{2B50AE3D-DBE4-4208-BEF7-F389FAEB6C36}.Release|Any CPU.Build.0 = Release|Any CPU
	EndGlobalSection
	GlobalSection(SolutionProperties) = preSolution
		HideSolutionNode = FALSE
	EndGlobalSection
	GlobalSection(ExtensibilityGlobals) = postSolution
		SolutionGuid = {3A791E6A-8599-426A-8442-163BAC0E6B1F}
	EndGlobalSection
EndGlobal
