
Microsoft Visual Studio Solution File, Format Version 12.00
# Visual Studio Version 17
VisualStudioVersion = 17.7.34031.279
MinimumVisualStudioVersion = 10.0.40219.1
Project("{FAE04EC0-301F-11D3-BF4B-00C04F79EFBC}") = "Ex15", "Ex15\Ex15.csproj", "{E1CAB9B5-1AE6-426A-9051-41C0EFFEFA1F}"
EndProject
Global
	GlobalSection(SolutionConfigurationPlatforms) = preSolution
		Debug|Any CPU = Debug|Any CPU
		Release|Any CPU = Release|Any CPU
	EndGlobalSection
	GlobalSection(ProjectConfigurationPlatforms) = postSolution
		{E1CAB9B5-1AE6-426A-9051-41C0EFFEFA1F}.Debug|Any CPU.ActiveCfg = Debug|Any CPU
		{E1CAB9B5-1AE6-426A-9051-41C0EFFEFA1F}.Debug|Any CPU.Build.0 = Debug|Any CPU
		{E1CAB9B5-1AE6-426A-9051-41C0EFFEFA1F}.Release|Any CPU.ActiveCfg = Release|Any CPU
		{E1CAB9B5-1AE6-426A-9051-41C0EFFEFA1F}.Release|Any CPU.Build.0 = Release|Any CPU
	EndGlobalSection
	GlobalSection(SolutionProperties) = preSolution
		HideSolutionNode = FALSE
	EndGlobalSection
	GlobalSection(ExtensibilityGlobals) = postSolution
		SolutionGuid = {767FC954-5A2F-4984-ABEE-2F582CCFA901}
	EndGlobalSection
EndGlobal
