
Microsoft Visual Studio Solution File, Format Version 12.00
# Visual Studio Version 17
VisualStudioVersion = 17.7.34031.279
MinimumVisualStudioVersion = 10.0.40219.1
Project("{FAE04EC0-301F-11D3-BF4B-00C04F79EFBC}") = "Ex09", "Ex09\Ex09.csproj", "{D071CA5F-5093-4558-8B62-FCD8120296E7}"
EndProject
Global
	GlobalSection(SolutionConfigurationPlatforms) = preSolution
		Debug|Any CPU = Debug|Any CPU
		Release|Any CPU = Release|Any CPU
	EndGlobalSection
	GlobalSection(ProjectConfigurationPlatforms) = postSolution
		{D071CA5F-5093-4558-8B62-FCD8120296E7}.Debug|Any CPU.ActiveCfg = Debug|Any CPU
		{D071CA5F-5093-4558-8B62-FCD8120296E7}.Debug|Any CPU.Build.0 = Debug|Any CPU
		{D071CA5F-5093-4558-8B62-FCD8120296E7}.Release|Any CPU.ActiveCfg = Release|Any CPU
		{D071CA5F-5093-4558-8B62-FCD8120296E7}.Release|Any CPU.Build.0 = Release|Any CPU
	EndGlobalSection
	GlobalSection(SolutionProperties) = preSolution
		HideSolutionNode = FALSE
	EndGlobalSection
	GlobalSection(ExtensibilityGlobals) = postSolution
		SolutionGuid = {1340C4C6-E3CC-4754-B9F5-E128B5B27113}
	EndGlobalSection
EndGlobal
