
Microsoft Visual Studio Solution File, Format Version 12.00
# Visual Studio Version 17
VisualStudioVersion = 17.7.34031.279
MinimumVisualStudioVersion = 10.0.40219.1
Project("{FAE04EC0-301F-11D3-BF4B-00C04F79EFBC}") = "Atv18", "Atv18\Atv18.csproj", "{B571E6E3-A21B-4D4F-9120-ABC444F2F5C7}"
EndProject
Global
	GlobalSection(SolutionConfigurationPlatforms) = preSolution
		Debug|Any CPU = Debug|Any CPU
		Release|Any CPU = Release|Any CPU
	EndGlobalSection
	GlobalSection(ProjectConfigurationPlatforms) = postSolution
		{B571E6E3-A21B-4D4F-9120-ABC444F2F5C7}.Debug|Any CPU.ActiveCfg = Debug|Any CPU
		{B571E6E3-A21B-4D4F-9120-ABC444F2F5C7}.Debug|Any CPU.Build.0 = Debug|Any CPU
		{B571E6E3-A21B-4D4F-9120-ABC444F2F5C7}.Release|Any CPU.ActiveCfg = Release|Any CPU
		{B571E6E3-A21B-4D4F-9120-ABC444F2F5C7}.Release|Any CPU.Build.0 = Release|Any CPU
	EndGlobalSection
	GlobalSection(SolutionProperties) = preSolution
		HideSolutionNode = FALSE
	EndGlobalSection
	GlobalSection(ExtensibilityGlobals) = postSolution
		SolutionGuid = {D9DB8800-CF6B-49E3-A7FA-C23C8CB2C102}
	EndGlobalSection
EndGlobal
