
Microsoft Visual Studio Solution File, Format Version 12.00
# Visual Studio Version 17
VisualStudioVersion = 17.7.34031.279
MinimumVisualStudioVersion = 10.0.40219.1
Project("{FAE04EC0-301F-11D3-BF4B-00C04F79EFBC}") = "Ex20", "Ex20\Ex20.csproj", "{5B04A8A8-B8C7-4F96-AB11-03D5B1AEC924}"
EndProject
Global
	GlobalSection(SolutionConfigurationPlatforms) = preSolution
		Debug|Any CPU = Debug|Any CPU
		Release|Any CPU = Release|Any CPU
	EndGlobalSection
	GlobalSection(ProjectConfigurationPlatforms) = postSolution
		{5B04A8A8-B8C7-4F96-AB11-03D5B1AEC924}.Debug|Any CPU.ActiveCfg = Debug|Any CPU
		{5B04A8A8-B8C7-4F96-AB11-03D5B1AEC924}.Debug|Any CPU.Build.0 = Debug|Any CPU
		{5B04A8A8-B8C7-4F96-AB11-03D5B1AEC924}.Release|Any CPU.ActiveCfg = Release|Any CPU
		{5B04A8A8-B8C7-4F96-AB11-03D5B1AEC924}.Release|Any CPU.Build.0 = Release|Any CPU
	EndGlobalSection
	GlobalSection(SolutionProperties) = preSolution
		HideSolutionNode = FALSE
	EndGlobalSection
	GlobalSection(ExtensibilityGlobals) = postSolution
		SolutionGuid = {2398251E-AE87-416F-BB05-60660119F010}
	EndGlobalSection
EndGlobal
