
Microsoft Visual Studio Solution File, Format Version 12.00
# Visual Studio Version 17
VisualStudioVersion = 17.7.34031.279
MinimumVisualStudioVersion = 10.0.40219.1
Project("{FAE04EC0-301F-11D3-BF4B-00C04F79EFBC}") = "Atv14", "Atv14\Atv14.csproj", "{5245D265-40F3-48EE-B081-AAD4D4120205}"
EndProject
Global
	GlobalSection(SolutionConfigurationPlatforms) = preSolution
		Debug|Any CPU = Debug|Any CPU
		Release|Any CPU = Release|Any CPU
	EndGlobalSection
	GlobalSection(ProjectConfigurationPlatforms) = postSolution
		{5245D265-40F3-48EE-B081-AAD4D4120205}.Debug|Any CPU.ActiveCfg = Debug|Any CPU
		{5245D265-40F3-48EE-B081-AAD4D4120205}.Debug|Any CPU.Build.0 = Debug|Any CPU
		{5245D265-40F3-48EE-B081-AAD4D4120205}.Release|Any CPU.ActiveCfg = Release|Any CPU
		{5245D265-40F3-48EE-B081-AAD4D4120205}.Release|Any CPU.Build.0 = Release|Any CPU
	EndGlobalSection
	GlobalSection(SolutionProperties) = preSolution
		HideSolutionNode = FALSE
	EndGlobalSection
	GlobalSection(ExtensibilityGlobals) = postSolution
		SolutionGuid = {E6DE1B4A-11DF-4F2B-9DE4-E09A17B64FC2}
	EndGlobalSection
EndGlobal
