
Microsoft Visual Studio Solution File, Format Version 12.00
# Visual Studio Version 17
VisualStudioVersion = 17.7.34031.279
MinimumVisualStudioVersion = 10.0.40219.1
Project("{FAE04EC0-301F-11D3-BF4B-00C04F79EFBC}") = "Ex17", "Ex17\Ex17.csproj", "{684178D4-5141-45DA-9F6A-30323422DC6B}"
EndProject
Global
	GlobalSection(SolutionConfigurationPlatforms) = preSolution
		Debug|Any CPU = Debug|Any CPU
		Release|Any CPU = Release|Any CPU
	EndGlobalSection
	GlobalSection(ProjectConfigurationPlatforms) = postSolution
		{684178D4-5141-45DA-9F6A-30323422DC6B}.Debug|Any CPU.ActiveCfg = Debug|Any CPU
		{684178D4-5141-45DA-9F6A-30323422DC6B}.Debug|Any CPU.Build.0 = Debug|Any CPU
		{684178D4-5141-45DA-9F6A-30323422DC6B}.Release|Any CPU.ActiveCfg = Release|Any CPU
		{684178D4-5141-45DA-9F6A-30323422DC6B}.Release|Any CPU.Build.0 = Release|Any CPU
	EndGlobalSection
	GlobalSection(SolutionProperties) = preSolution
		HideSolutionNode = FALSE
	EndGlobalSection
	GlobalSection(ExtensibilityGlobals) = postSolution
		SolutionGuid = {2D46BA39-4E49-4E22-87BB-54FB4DECB989}
	EndGlobalSection
EndGlobal
