
Microsoft Visual Studio Solution File, Format Version 12.00
# Visual Studio Version 17
VisualStudioVersion = 17.7.34031.279
MinimumVisualStudioVersion = 10.0.40219.1
Project("{FAE04EC0-301F-11D3-BF4B-00C04F79EFBC}") = "Ex07", "Ex07\Ex07.csproj", "{205F5C31-ACEF-418B-9649-877C9F9D05BD}"
EndProject
Global
	GlobalSection(SolutionConfigurationPlatforms) = preSolution
		Debug|Any CPU = Debug|Any CPU
		Release|Any CPU = Release|Any CPU
	EndGlobalSection
	GlobalSection(ProjectConfigurationPlatforms) = postSolution
		{205F5C31-ACEF-418B-9649-877C9F9D05BD}.Debug|Any CPU.ActiveCfg = Debug|Any CPU
		{205F5C31-ACEF-418B-9649-877C9F9D05BD}.Debug|Any CPU.Build.0 = Debug|Any CPU
		{205F5C31-ACEF-418B-9649-877C9F9D05BD}.Release|Any CPU.ActiveCfg = Release|Any CPU
		{205F5C31-ACEF-418B-9649-877C9F9D05BD}.Release|Any CPU.Build.0 = Release|Any CPU
	EndGlobalSection
	GlobalSection(SolutionProperties) = preSolution
		HideSolutionNode = FALSE
	EndGlobalSection
	GlobalSection(ExtensibilityGlobals) = postSolution
		SolutionGuid = {B5D6D7E6-1FD8-4B2F-985A-A5AA225DAAC2}
	EndGlobalSection
EndGlobal
