
Microsoft Visual Studio Solution File, Format Version 12.00
# Visual Studio Version 17
VisualStudioVersion = 17.7.34031.279
MinimumVisualStudioVersion = 10.0.40219.1
Project("{FAE04EC0-301F-11D3-BF4B-00C04F79EFBC}") = "Ex07", "Ex07\Ex07.csproj", "{D9E157B5-558C-4819-8C14-E6E201644CB0}"
EndProject
Global
	GlobalSection(SolutionConfigurationPlatforms) = preSolution
		Debug|Any CPU = Debug|Any CPU
		Release|Any CPU = Release|Any CPU
	EndGlobalSection
	GlobalSection(ProjectConfigurationPlatforms) = postSolution
		{D9E157B5-558C-4819-8C14-E6E201644CB0}.Debug|Any CPU.ActiveCfg = Debug|Any CPU
		{D9E157B5-558C-4819-8C14-E6E201644CB0}.Debug|Any CPU.Build.0 = Debug|Any CPU
		{D9E157B5-558C-4819-8C14-E6E201644CB0}.Release|Any CPU.ActiveCfg = Release|Any CPU
		{D9E157B5-558C-4819-8C14-E6E201644CB0}.Release|Any CPU.Build.0 = Release|Any CPU
	EndGlobalSection
	GlobalSection(SolutionProperties) = preSolution
		HideSolutionNode = FALSE
	EndGlobalSection
	GlobalSection(ExtensibilityGlobals) = postSolution
		SolutionGuid = {9B74B661-5E67-4DC0-91F5-97383827474F}
	EndGlobalSection
EndGlobal
