
Microsoft Visual Studio Solution File, Format Version 12.00
# Visual Studio Version 17
VisualStudioVersion = 17.7.34031.279
MinimumVisualStudioVersion = 10.0.40219.1
Project("{FAE04EC0-301F-11D3-BF4B-00C04F79EFBC}") = "Ex21", "Ex21\Ex21.csproj", "{E403DAF6-A04B-4B4C-860C-F5913B314134}"
EndProject
Global
	GlobalSection(SolutionConfigurationPlatforms) = preSolution
		Debug|Any CPU = Debug|Any CPU
		Release|Any CPU = Release|Any CPU
	EndGlobalSection
	GlobalSection(ProjectConfigurationPlatforms) = postSolution
		{E403DAF6-A04B-4B4C-860C-F5913B314134}.Debug|Any CPU.ActiveCfg = Debug|Any CPU
		{E403DAF6-A04B-4B4C-860C-F5913B314134}.Debug|Any CPU.Build.0 = Debug|Any CPU
		{E403DAF6-A04B-4B4C-860C-F5913B314134}.Release|Any CPU.ActiveCfg = Release|Any CPU
		{E403DAF6-A04B-4B4C-860C-F5913B314134}.Release|Any CPU.Build.0 = Release|Any CPU
	EndGlobalSection
	GlobalSection(SolutionProperties) = preSolution
		HideSolutionNode = FALSE
	EndGlobalSection
	GlobalSection(ExtensibilityGlobals) = postSolution
		SolutionGuid = {49FBAA8C-AE2A-4E07-9539-AB94A5FD0433}
	EndGlobalSection
EndGlobal
